
Microsoft Visual Studio Solution File, Format Version 12.00
# Visual Studio 2015
Project("{FAE04EC0-301F-11D3-BF4B-00C04F79EFBC}") = "Assembly-CSharp", "Assembly-CSharp.csproj", "{4A932AC6-BE46-A863-1B76-6F1D4942C729}"
EndProject
Project("{FAE04EC0-301F-11D3-BF4B-00C04F79EFBC}") = "Assembly-CSharp-Editor", "Assembly-CSharp-Editor.csproj", "{A82ABF69-0EAA-A52E-2B1B-1B26B565478E}"
EndProject
Global
	GlobalSection(SolutionConfigurationPlatforms) = preSolution
		Debug|Any CPU = Debug|Any CPU
		Release|Any CPU = Release|Any CPU
	EndGlobalSection
	GlobalSection(ProjectConfigurationPlatforms) = postSolution
		{4A932AC6-BE46-A863-1B76-6F1D4942C729}.Debug|Any CPU.ActiveCfg = Debug|Any CPU
		{4A932AC6-BE46-A863-1B76-6F1D4942C729}.Debug|Any CPU.Build.0 = Debug|Any CPU
		{4A932AC6-BE46-A863-1B76-6F1D4942C729}.Release|Any CPU.ActiveCfg = Release|Any CPU
		{4A932AC6-BE46-A863-1B76-6F1D4942C729}.Release|Any CPU.Build.0 = Release|Any CPU
		{A82ABF69-0EAA-A52E-2B1B-1B26B565478E}.Debug|Any CPU.ActiveCfg = Debug|Any CPU
		{A82ABF69-0EAA-A52E-2B1B-1B26B565478E}.Debug|Any CPU.Build.0 = Debug|Any CPU
		{A82ABF69-0EAA-A52E-2B1B-1B26B565478E}.Release|Any CPU.ActiveCfg = Release|Any CPU
		{A82ABF69-0EAA-A52E-2B1B-1B26B565478E}.Release|Any CPU.Build.0 = Release|Any CPU
	EndGlobalSection
	GlobalSection(SolutionProperties) = preSolution
		HideSolutionNode = FALSE
	EndGlobalSection
EndGlobal
